
Microsoft Visual Studio Solution File, Format Version 12.00
# Visual Studio Version 17
VisualStudioVersion = 17.11.35312.102
MinimumVisualStudioVersion = 10.0.40219.1
Project("{8BC9CEB8-8B4A-11D0-8D11-00A0C91BC942}") = "Detours.x64", "Detours.x64\Detours.x64.vcxproj", "{03FCBCCE-69C4-4EF3-B670-D8AFB0144B38}"
EndProject
Project("{8BC9CEB8-8B4A-11D0-8D11-00A0C91BC942}") = "BuildXLNatives.x64", "BuildXLNatives.x64\BuildXLNatives.x64.vcxproj", "{A3885C25-60E4-4815-BCC5-C06FA99A9DF3}"
EndProject
Project("{8BC9CEB8-8B4A-11D0-8D11-00A0C91BC942}") = "DetoursServices.x64", "DetoursServices.x64\DetoursServices.x64.vcxproj", "{0CAB388F-9D1E-411A-A036-8D00D0BA3444}"
EndProject
Project("{9A19103F-16F7-4668-BE54-9A1E7A4F7556}") = "BuildXL.Utilities.Core", "BuildXL.Utilities.Core\BuildXL.Utilities.Core.csproj", "{753C4FAE-04DF-4403-805A-ABAF50636881}"
EndProject
Project("{9A19103F-16F7-4668-BE54-9A1E7A4F7556}") = "BuildXL.Utilities", "BuildXL.Utilities\BuildXL.Utilities.csproj", "{818D1F74-34A9-4BF0-9DEC-3642E970BD8D}"
EndProject
Project("{9A19103F-16F7-4668-BE54-9A1E7A4F7556}") = "BuildXL.Utilities.CodeGenerationHelper", "BuildXL.Utilities.CodeGenerationHelper\BuildXL.Utilities.CodeGenerationHelper.csproj", "{408EC014-3AE8-4AB3-907C-14E93A28942E}"
EndProject
Project("{9A19103F-16F7-4668-BE54-9A1E7A4F7556}") = "BuildXL.Utilities.Instrumentation.Common", "BuildXL.Utilities.Instrumentation.Common\BuildXL.Utilities.Instrumentation.Common.csproj", "{E6A15559-F856-43F8-877A-7CEDAAC51E1D}"
EndProject
Project("{9A19103F-16F7-4668-BE54-9A1E7A4F7556}") = "BuildXL.ToolSupport", "BuildXL.ToolSupport\BuildXL.ToolSupport.csproj", "{DD354266-AF9A-412E-82DA-571B71505EAC}"
EndProject
Project("{9A19103F-16F7-4668-BE54-9A1E7A4F7556}") = "BuildXL.LogGen.Core", "BuildXL.LogGen.Core\BuildXL.LogGen.Core.csproj", "{C61885B2-EB9D-48CB-8A2E-629A07A7F4EB}"
EndProject
Project("{9A19103F-16F7-4668-BE54-9A1E7A4F7556}") = "BuildXL.LogGenerator", "BuildXL.LogGenerator\BuildXL.LogGenerator.csproj", "{C05AB7DD-9646-4351-B9C4-72EE37AEF0ED}"
EndProject
Project("{9A19103F-16F7-4668-BE54-9A1E7A4F7556}") = "BuildXL.Native", "BuildXL.Native\BuildXL.Native.csproj", "{26C1494A-E6FE-4E94-801E-F0D7A2CA8D85}"
	ProjectSection(ProjectDependencies) = postProject
		{0CAB388F-9D1E-411A-A036-8D00D0BA3444} = {0CAB388F-9D1E-411A-A036-8D00D0BA3444}
		{7D0733D1-E3BB-42B1-9E4D-D63AA167FA8B} = {7D0733D1-E3BB-42B1-9E4D-D63AA167FA8B}
		{A3885C25-60E4-4815-BCC5-C06FA99A9DF3} = {A3885C25-60E4-4815-BCC5-C06FA99A9DF3}
		{EA844EB7-CA7A-43E3-8E2A-AAB6350C927D} = {EA844EB7-CA7A-43E3-8E2A-AAB6350C927D}
	EndProjectSection
EndProject
Project("{9A19103F-16F7-4668-BE54-9A1E7A4F7556}") = "BuildXL.Engine.Processes", "BuildXL.Engine.Processes\BuildXL.Engine.Processes.csproj", "{515F872E-E916-4959-86E6-CF7D7B246884}"
EndProject
Project("{9A19103F-16F7-4668-BE54-9A1E7A4F7556}") = "BlockedAccesses", "BlockedAccesses\BlockedAccesses.csproj", "{D0928E10-E9CA-460A-8601-197FE18D8261}"
EndProject
Project("{9A19103F-16F7-4668-BE54-9A1E7A4F7556}") = "ReportAccesses", "ReportAccesses\ReportAccesses.csproj", "{46CEC048-5C33-4204-9848-F7D80D9D933E}"
EndProject
Project("{9A19103F-16F7-4668-BE54-9A1E7A4F7556}") = "ReportProcesses", "ReportProcesses\ReportProcesses.csproj", "{8AE2D07B-260D-4040-96E5-D148B9E4D706}"
EndProject
Project("{8BC9CEB8-8B4A-11D0-8D11-00A0C91BC942}") = "DetoursServices.x86", "DetoursServices.x86\DetoursServices.x86.vcxproj", "{EA844EB7-CA7A-43E3-8E2A-AAB6350C927D}"
EndProject
Project("{8BC9CEB8-8B4A-11D0-8D11-00A0C91BC942}") = "Detours.x86", "Detours.x86\Detours.x86.vcxproj", "{0D06540C-24EB-4C90-B1DF-F3BE53EDBE5C}"
EndProject
Project("{8BC9CEB8-8B4A-11D0-8D11-00A0C91BC942}") = "BuildXLNatives.x86", "BuildXLNatives.x86\BuildXLNatives.x86.vcxproj", "{7D0733D1-E3BB-42B1-9E4D-D63AA167FA8B}"
EndProject
Global
	GlobalSection(SolutionConfigurationPlatforms) = preSolution
		Debug|Any CPU = Debug|Any CPU
		Release|Any CPU = Release|Any CPU
	EndGlobalSection
	GlobalSection(ProjectConfigurationPlatforms) = postSolution
		{03FCBCCE-69C4-4EF3-B670-D8AFB0144B38}.Debug|Any CPU.ActiveCfg = Debug|x64
		{03FCBCCE-69C4-4EF3-B670-D8AFB0144B38}.Debug|Any CPU.Build.0 = Debug|x64
		{03FCBCCE-69C4-4EF3-B670-D8AFB0144B38}.Release|Any CPU.ActiveCfg = Release|x64
		{03FCBCCE-69C4-4EF3-B670-D8AFB0144B38}.Release|Any CPU.Build.0 = Release|x64
		{A3885C25-60E4-4815-BCC5-C06FA99A9DF3}.Debug|Any CPU.ActiveCfg = Debug|x64
		{A3885C25-60E4-4815-BCC5-C06FA99A9DF3}.Debug|Any CPU.Build.0 = Debug|x64
		{A3885C25-60E4-4815-BCC5-C06FA99A9DF3}.Release|Any CPU.ActiveCfg = Release|x64
		{A3885C25-60E4-4815-BCC5-C06FA99A9DF3}.Release|Any CPU.Build.0 = Release|x64
		{0CAB388F-9D1E-411A-A036-8D00D0BA3444}.Debug|Any CPU.ActiveCfg = Debug|x64
		{0CAB388F-9D1E-411A-A036-8D00D0BA3444}.Debug|Any CPU.Build.0 = Debug|x64
		{0CAB388F-9D1E-411A-A036-8D00D0BA3444}.Release|Any CPU.ActiveCfg = Release|x64
		{0CAB388F-9D1E-411A-A036-8D00D0BA3444}.Release|Any CPU.Build.0 = Release|x64
		{753C4FAE-04DF-4403-805A-ABAF50636881}.Debug|Any CPU.ActiveCfg = Debug|Any CPU
		{753C4FAE-04DF-4403-805A-ABAF50636881}.Debug|Any CPU.Build.0 = Debug|Any CPU
		{753C4FAE-04DF-4403-805A-ABAF50636881}.Release|Any CPU.ActiveCfg = Release|Any CPU
		{753C4FAE-04DF-4403-805A-ABAF50636881}.Release|Any CPU.Build.0 = Release|Any CPU
		{818D1F74-34A9-4BF0-9DEC-3642E970BD8D}.Debug|Any CPU.ActiveCfg = Debug|Any CPU
		{818D1F74-34A9-4BF0-9DEC-3642E970BD8D}.Debug|Any CPU.Build.0 = Debug|Any CPU
		{818D1F74-34A9-4BF0-9DEC-3642E970BD8D}.Release|Any CPU.ActiveCfg = Release|Any CPU
		{818D1F74-34A9-4BF0-9DEC-3642E970BD8D}.Release|Any CPU.Build.0 = Release|Any CPU
		{408EC014-3AE8-4AB3-907C-14E93A28942E}.Debug|Any CPU.ActiveCfg = Debug|Any CPU
		{408EC014-3AE8-4AB3-907C-14E93A28942E}.Debug|Any CPU.Build.0 = Debug|Any CPU
		{408EC014-3AE8-4AB3-907C-14E93A28942E}.Release|Any CPU.ActiveCfg = Release|Any CPU
		{408EC014-3AE8-4AB3-907C-14E93A28942E}.Release|Any CPU.Build.0 = Release|Any CPU
		{E6A15559-F856-43F8-877A-7CEDAAC51E1D}.Debug|Any CPU.ActiveCfg = Debug|Any CPU
		{E6A15559-F856-43F8-877A-7CEDAAC51E1D}.Debug|Any CPU.Build.0 = Debug|Any CPU
		{E6A15559-F856-43F8-877A-7CEDAAC51E1D}.Release|Any CPU.ActiveCfg = Release|Any CPU
		{E6A15559-F856-43F8-877A-7CEDAAC51E1D}.Release|Any CPU.Build.0 = Release|Any CPU
		{DD354266-AF9A-412E-82DA-571B71505EAC}.Debug|Any CPU.ActiveCfg = Debug|Any CPU
		{DD354266-AF9A-412E-82DA-571B71505EAC}.Debug|Any CPU.Build.0 = Debug|Any CPU
		{DD354266-AF9A-412E-82DA-571B71505EAC}.Release|Any CPU.ActiveCfg = Release|Any CPU
		{DD354266-AF9A-412E-82DA-571B71505EAC}.Release|Any CPU.Build.0 = Release|Any CPU
		{C61885B2-EB9D-48CB-8A2E-629A07A7F4EB}.Debug|Any CPU.ActiveCfg = Debug|Any CPU
		{C61885B2-EB9D-48CB-8A2E-629A07A7F4EB}.Debug|Any CPU.Build.0 = Debug|Any CPU
		{C61885B2-EB9D-48CB-8A2E-629A07A7F4EB}.Release|Any CPU.ActiveCfg = Release|Any CPU
		{C61885B2-EB9D-48CB-8A2E-629A07A7F4EB}.Release|Any CPU.Build.0 = Release|Any CPU
		{C05AB7DD-9646-4351-B9C4-72EE37AEF0ED}.Debug|Any CPU.ActiveCfg = Debug|Any CPU
		{C05AB7DD-9646-4351-B9C4-72EE37AEF0ED}.Debug|Any CPU.Build.0 = Debug|Any CPU
		{C05AB7DD-9646-4351-B9C4-72EE37AEF0ED}.Release|Any CPU.ActiveCfg = Release|Any CPU
		{C05AB7DD-9646-4351-B9C4-72EE37AEF0ED}.Release|Any CPU.Build.0 = Release|Any CPU
		{26C1494A-E6FE-4E94-801E-F0D7A2CA8D85}.Debug|Any CPU.ActiveCfg = Debug|Any CPU
		{26C1494A-E6FE-4E94-801E-F0D7A2CA8D85}.Debug|Any CPU.Build.0 = Debug|Any CPU
		{26C1494A-E6FE-4E94-801E-F0D7A2CA8D85}.Release|Any CPU.ActiveCfg = Release|Any CPU
		{26C1494A-E6FE-4E94-801E-F0D7A2CA8D85}.Release|Any CPU.Build.0 = Release|Any CPU
		{515F872E-E916-4959-86E6-CF7D7B246884}.Debug|Any CPU.ActiveCfg = Debug|Any CPU
		{515F872E-E916-4959-86E6-CF7D7B246884}.Debug|Any CPU.Build.0 = Debug|Any CPU
		{515F872E-E916-4959-86E6-CF7D7B246884}.Release|Any CPU.ActiveCfg = Release|Any CPU
		{515F872E-E916-4959-86E6-CF7D7B246884}.Release|Any CPU.Build.0 = Release|Any CPU
		{D0928E10-E9CA-460A-8601-197FE18D8261}.Debug|Any CPU.ActiveCfg = Debug|Any CPU
		{D0928E10-E9CA-460A-8601-197FE18D8261}.Debug|Any CPU.Build.0 = Debug|Any CPU
		{D0928E10-E9CA-460A-8601-197FE18D8261}.Release|Any CPU.ActiveCfg = Release|Any CPU
		{D0928E10-E9CA-460A-8601-197FE18D8261}.Release|Any CPU.Build.0 = Release|Any CPU
		{46CEC048-5C33-4204-9848-F7D80D9D933E}.Debug|Any CPU.ActiveCfg = Debug|Any CPU
		{46CEC048-5C33-4204-9848-F7D80D9D933E}.Debug|Any CPU.Build.0 = Debug|Any CPU
		{46CEC048-5C33-4204-9848-F7D80D9D933E}.Release|Any CPU.ActiveCfg = Release|Any CPU
		{46CEC048-5C33-4204-9848-F7D80D9D933E}.Release|Any CPU.Build.0 = Release|Any CPU
		{8AE2D07B-260D-4040-96E5-D148B9E4D706}.Debug|Any CPU.ActiveCfg = Debug|Any CPU
		{8AE2D07B-260D-4040-96E5-D148B9E4D706}.Debug|Any CPU.Build.0 = Debug|Any CPU
		{8AE2D07B-260D-4040-96E5-D148B9E4D706}.Release|Any CPU.ActiveCfg = Release|Any CPU
		{8AE2D07B-260D-4040-96E5-D148B9E4D706}.Release|Any CPU.Build.0 = Release|Any CPU
		{EA844EB7-CA7A-43E3-8E2A-AAB6350C927D}.Debug|Any CPU.ActiveCfg = Debug|Win32
		{EA844EB7-CA7A-43E3-8E2A-AAB6350C927D}.Debug|Any CPU.Build.0 = Debug|Win32
		{EA844EB7-CA7A-43E3-8E2A-AAB6350C927D}.Release|Any CPU.ActiveCfg = Release|Win32
		{EA844EB7-CA7A-43E3-8E2A-AAB6350C927D}.Release|Any CPU.Build.0 = Release|Win32
		{0D06540C-24EB-4C90-B1DF-F3BE53EDBE5C}.Debug|Any CPU.ActiveCfg = Debug|Win32
		{0D06540C-24EB-4C90-B1DF-F3BE53EDBE5C}.Debug|Any CPU.Build.0 = Debug|Win32
		{0D06540C-24EB-4C90-B1DF-F3BE53EDBE5C}.Release|Any CPU.ActiveCfg = Release|Win32
		{0D06540C-24EB-4C90-B1DF-F3BE53EDBE5C}.Release|Any CPU.Build.0 = Release|Win32
		{7D0733D1-E3BB-42B1-9E4D-D63AA167FA8B}.Debug|Any CPU.ActiveCfg = Debug|Win32
		{7D0733D1-E3BB-42B1-9E4D-D63AA167FA8B}.Debug|Any CPU.Build.0 = Debug|Win32
		{7D0733D1-E3BB-42B1-9E4D-D63AA167FA8B}.Release|Any CPU.ActiveCfg = Release|Win32
		{7D0733D1-E3BB-42B1-9E4D-D63AA167FA8B}.Release|Any CPU.Build.0 = Release|Win32
	EndGlobalSection
	GlobalSection(SolutionProperties) = preSolution
		HideSolutionNode = FALSE
	EndGlobalSection
	GlobalSection(ExtensibilityGlobals) = postSolution
		SolutionGuid = {E3E69354-40F0-4FE6-B62D-FB87B35BF141}
	EndGlobalSection
EndGlobal
